
Microsoft Visual Studio Solution File, Format Version 12.00
# Visual Studio Version 16
VisualStudioVersion = 16.0.31402.337
MinimumVisualStudioVersion = 10.0.40219.1
Project("{FAE04EC0-301F-11D3-BF4B-00C04F79EFBC}") = "ShopBridgeAPI", "ShopBridgeAPI.csproj", "{02DE41EE-E397-4266-BD17-BE2D78B393F0}"
EndProject
Global
	GlobalSection(SolutionConfigurationPlatforms) = preSolution
		Debug|Any CPU = Debug|Any CPU
		Release|Any CPU = Release|Any CPU
	EndGlobalSection
	GlobalSection(ProjectConfigurationPlatforms) = postSolution
		{02DE41EE-E397-4266-BD17-BE2D78B393F0}.Debug|Any CPU.ActiveCfg = Debug|Any CPU
		{02DE41EE-E397-4266-BD17-BE2D78B393F0}.Debug|Any CPU.Build.0 = Debug|Any CPU
		{02DE41EE-E397-4266-BD17-BE2D78B393F0}.Release|Any CPU.ActiveCfg = Release|Any CPU
		{02DE41EE-E397-4266-BD17-BE2D78B393F0}.Release|Any CPU.Build.0 = Release|Any CPU
	EndGlobalSection
	GlobalSection(SolutionProperties) = preSolution
		HideSolutionNode = FALSE
	EndGlobalSection
	GlobalSection(ExtensibilityGlobals) = postSolution
		SolutionGuid = {8E0FE2B1-0E8B-4960-B0A1-258CA6AE1D6C}
	EndGlobalSection
EndGlobal
